// !$*UTF8*$!
{
	archiveVersion = 1;
	classes = {
	};
	objectVersion = 77;
	objects = {

/* Begin PBXContainerItemProxy section */
		283FD7642D5E3FD400A49B38 /* PBXContainerItemProxy */ = {
			isa = PBXContainerItemProxy;
			containerPortal = 283FD74B2D5E3FD200A49B38 /* Project object */;
			proxyType = 1;
			remoteGlobalIDString = 283FD7522D5E3FD200A49B38;
			remoteInfo = ReduxDemo;
		};
		283FD76E2D5E3FD400A49B38 /* PBXContainerItemProxy */ = {
			isa = PBXContainerItemProxy;
			containerPortal = 283FD74B2D5E3FD200A49B38 /* Project object */;
			proxyType = 1;
			remoteGlobalIDString = 283FD7522D5E3FD200A49B38;
			remoteInfo = ReduxDemo;
		};
/* End PBXContainerItemProxy section */

/* Begin PBXFileReference section */
		283FD7532D5E3FD200A49B38 /* ReduxDemo.app */ = {isa = PBXFileReference; explicitFileType = wrapper.application; includeInIndex = 0; path = ReduxDemo.app; sourceTree = BUILT_PRODUCTS_DIR; };
		283FD7632D5E3FD400A49B38 /* ReduxDemoTests.xctest */ = {isa = PBXFileReference; explicitFileType = wrapper.cfbundle; includeInIndex = 0; path = ReduxDemoTests.xctest; sourceTree = BUILT_PRODUCTS_DIR; };
		283FD76D2D5E3FD400A49B38 /* ReduxDemoUITests.xctest */ = {isa = PBXFileReference; explicitFileType = wrapper.cfbundle; includeInIndex = 0; path = ReduxDemoUITests.xctest; sourceTree = BUILT_PRODUCTS_DIR; };
/* End PBXFileReference section */

/* Begin PBXFileSystemSynchronizedRootGroup section */
		283FD7552D5E3FD200A49B38 /* ReduxDemo */ = {
			isa = PBXFileSystemSynchronizedRootGroup;
			path = ReduxDemo;
			sourceTree = "<group>";
		};
		283FD7662D5E3FD400A49B38 /* ReduxDemoTests */ = {
			isa = PBXFileSystemSynchronizedRootGroup;
			path = ReduxDemoTests;
			sourceTree = "<group>";
		};
		283FD7702D5E3FD400A49B38 /* ReduxDemoUITests */ = {
			isa = PBXFileSystemSynchronizedRootGroup;
			path = ReduxDemoUITests;
			sourceTree = "<group>";
		};
/* End PBXFileSystemSynchronizedRootGroup section */

/* Begin PBXFrameworksBuildPhase section */
		283FD7502D5E3FD200A49B38 /* Frameworks */ = {
			isa = PBXFrameworksBuildPhase;
			buildActionMask = 2147483647;
			files = (
			);
			runOnlyForDeploymentPostprocessing = 0;
		};
		283FD7602D5E3FD400A49B38 /* Frameworks */ = {
			isa = PBXFrameworksBuildPhase;
			buildActionMask = 2147483647;
			files = (
			);
			runOnlyForDeploymentPostprocessing = 0;
		};
		283FD76A2D5E3FD400A49B38 /* Frameworks */ = {
			isa = PBXFrameworksBuildPhase;
			buildActionMask = 2147483647;
			files = (
			);
			runOnlyForDeploymentPostprocessing = 0;
		};
/* End PBXFrameworksBuildPhase section */

/* Begin PBXGroup section */
		283FD74A2D5E3FD200A49B38 = {
			isa = PBXGroup;
			children = (
				283FD7552D5E3FD200A49B38 /* ReduxDemo */,
				283FD7662D5E3FD400A49B38 /* ReduxDemoTests */,
				283FD7702D5E3FD400A49B38 /* ReduxDemoUITests */,
				283FD7542D5E3FD200A49B38 /* Products */,
			);
			sourceTree = "<group>";
		};
		283FD7542D5E3FD200A49B38 /* Products */ = {
			isa = PBXGroup;
			children = (
				283FD7532D5E3FD200A49B38 /* ReduxDemo.app */,
				283FD7632D5E3FD400A49B38 /* ReduxDemoTests.xctest */,
				283FD76D2D5E3FD400A49B38 /* ReduxDemoUITests.xctest */,
			);
			name = Products;
			sourceTree = "<group>";
		};
/* End PBXGroup section */

/* Begin PBXNativeTarget section */
		283FD7522D5E3FD200A49B38 /* ReduxDemo */ = {
			isa = PBXNativeTarget;
			buildConfigurationList = 283FD7772D5E3FD400A49B38 /* Build configuration list for PBXNativeTarget "ReduxDemo" */;
			buildPhases = (
				283FD74F2D5E3FD200A49B38 /* Sources */,
				283FD7502D5E3FD200A49B38 /* Frameworks */,
				283FD7512D5E3FD200A49B38 /* Resources */,
			);
			buildRules = (
			);
			dependencies = (
			);
			fileSystemSynchronizedGroups = (
				283FD7552D5E3FD200A49B38 /* ReduxDemo */,
			);
			name = ReduxDemo;
			packageProductDependencies = (
			);
			productName = ReduxDemo;
			productReference = 283FD7532D5E3FD200A49B38 /* ReduxDemo.app */;
			productType = "com.apple.product-type.application";
		};
		283FD7622D5E3FD400A49B38 /* ReduxDemoTests */ = {
			isa = PBXNativeTarget;
			buildConfigurationList = 283FD77A2D5E3FD400A49B38 /* Build configuration list for PBXNativeTarget "ReduxDemoTests" */;
			buildPhases = (
				283FD75F2D5E3FD400A49B38 /* Sources */,
				283FD7602D5E3FD400A49B38 /* Frameworks */,
				283FD7612D5E3FD400A49B38 /* Resources */,
			);
			buildRules = (
			);
			dependencies = (
				283FD7652D5E3FD400A49B38 /* PBXTargetDependency */,
			);
			fileSystemSynchronizedGroups = (
				283FD7662D5E3FD400A49B38 /* ReduxDemoTests */,
			);
			name = ReduxDemoTests;
			packageProductDependencies = (
			);
			productName = ReduxDemoTests;
			productReference = 283FD7632D5E3FD400A49B38 /* ReduxDemoTests.xctest */;
			productType = "com.apple.product-type.bundle.unit-test";
		};
		283FD76C2D5E3FD400A49B38 /* ReduxDemoUITests */ = {
			isa = PBXNativeTarget;
			buildConfigurationList = 283FD77D2D5E3FD400A49B38 /* Build configuration list for PBXNativeTarget "ReduxDemoUITests" */;
			buildPhases = (
				283FD7692D5E3FD400A49B38 /* Sources */,
				283FD76A2D5E3FD400A49B38 /* Frameworks */,
				283FD76B2D5E3FD400A49B38 /* Resources */,
			);
			buildRules = (
			);
			dependencies = (
				283FD76F2D5E3FD400A49B38 /* PBXTargetDependency */,
			);
			fileSystemSynchronizedGroups = (
				283FD7702D5E3FD400A49B38 /* ReduxDemoUITests */,
			);
			name = ReduxDemoUITests;
			packageProductDependencies = (
			);
			productName = ReduxDemoUITests;
			productReference = 283FD76D2D5E3FD400A49B38 /* ReduxDemoUITests.xctest */;
			productType = "com.apple.product-type.bundle.ui-testing";
		};
/* End PBXNativeTarget section */

/* Begin PBXProject section */
		283FD74B2D5E3FD200A49B38 /* Project object */ = {
			isa = PBXProject;
			attributes = {
				BuildIndependentTargetsInParallel = 1;
				LastSwiftUpdateCheck = 1610;
				LastUpgradeCheck = 1610;
				TargetAttributes = {
					283FD7522D5E3FD200A49B38 = {
						CreatedOnToolsVersion = 16.1;
					};
					283FD7622D5E3FD400A49B38 = {
						CreatedOnToolsVersion = 16.1;
						TestTargetID = 283FD7522D5E3FD200A49B38;
					};
					283FD76C2D5E3FD400A49B38 = {
						CreatedOnToolsVersion = 16.1;
						TestTargetID = 283FD7522D5E3FD200A49B38;
					};
				};
			};
			buildConfigurationList = 283FD74E2D5E3FD200A49B38 /* Build configuration list for PBXProject "ReduxDemo" */;
			developmentRegion = en;
			hasScannedForEncodings = 0;
			knownRegions = (
				en,
				Base,
			);
			mainGroup = 283FD74A2D5E3FD200A49B38;
			minimizedProjectReferenceProxies = 1;
			preferredProjectObjectVersion = 77;
			productRefGroup = 283FD7542D5E3FD200A49B38 /* Products */;
			projectDirPath = "";
			projectRoot = "";
			targets = (
				283FD7522D5E3FD200A49B38 /* ReduxDemo */,
				283FD7622D5E3FD400A49B38 /* ReduxDemoTests */,
				283FD76C2D5E3FD400A49B38 /* ReduxDemoUITests */,
			);
		};
/* End PBXProject section */

/* Begin PBXResourcesBuildPhase section */
		283FD7512D5E3FD200A49B38 /* Resources */ = {
			isa = PBXResourcesBuildPhase;
			buildActionMask = 2147483647;
			files = (
			);
			runOnlyForDeploymentPostprocessing = 0;
		};
		283FD7612D5E3FD400A49B38 /* Resources */ = {
			isa = PBXResourcesBuildPhase;
			buildActionMask = 2147483647;
			files = (
			);
			runOnlyForDeploymentPostprocessing = 0;
		};
		283FD76B2D5E3FD400A49B38 /* Resources */ = {
			isa = PBXResourcesBuildPhase;
			buildActionMask = 2147483647;
			files = (
			);
			runOnlyForDeploymentPostprocessing = 0;
		};
/* End PBXResourcesBuildPhase section */

/* Begin PBXSourcesBuildPhase section */
		283FD74F2D5E3FD200A49B38 /* Sources */ = {
			isa = PBXSourcesBuildPhase;
			buildActionMask = 2147483647;
			files = (
			);
			runOnlyForDeploymentPostprocessing = 0;
		};
		283FD75F2D5E3FD400A49B38 /* Sources */ = {
			isa = PBXSourcesBuildPhase;
			buildActionMask = 2147483647;
			files = (
			);
			runOnlyForDeploymentPostprocessing = 0;
		};
		283FD7692D5E3FD400A49B38 /* Sources */ = {
			isa = PBXSourcesBuildPhase;
			buildActionMask = 2147483647;
			files = (
			);
			runOnlyForDeploymentPostprocessing = 0;
		};
/* End PBXSourcesBuildPhase section */

/* Begin PBXTargetDependency section */
		283FD7652D5E3FD400A49B38 /* PBXTargetDependency */ = {
			isa = PBXTargetDependency;
			target = 283FD7522D5E3FD200A49B38 /* ReduxDemo */;
			targetProxy = 283FD7642D5E3FD400A49B38 /* PBXContainerItemProxy */;
		};
		283FD76F2D5E3FD400A49B38 /* PBXTargetDependency */ = {
			isa = PBXTargetDependency;
			target = 283FD7522D5E3FD200A49B38 /* ReduxDemo */;
			targetProxy = 283FD76E2D5E3FD400A49B38 /* PBXContainerItemProxy */;
		};
/* End PBXTargetDependency section */

/* Begin XCBuildConfiguration section */
		283FD7752D5E3FD400A49B38 /* Debug */ = {
			isa = XCBuildConfiguration;
			buildSettings = {
				ALWAYS_SEARCH_USER_PATHS = NO;
				ASSETCATALOG_COMPILER_GENERATE_SWIFT_ASSET_SYMBOL_EXTENSIONS = YES;
				CLANG_ANALYZER_NONNULL = YES;
				CLANG_ANALYZER_NUMBER_OBJECT_CONVERSION = YES_AGGRESSIVE;
				CLANG_CXX_LANGUAGE_STANDARD = "gnu++20";
				CLANG_ENABLE_MODULES = YES;
				CLANG_ENABLE_OBJC_ARC = YES;
				CLANG_ENABLE_OBJC_WEAK = YES;
				CLANG_WARN_BLOCK_CAPTURE_AUTORELEASING = YES;
				CLANG_WARN_BOOL_CONVERSION = YES;
				CLANG_WARN_COMMA = YES;
				CLANG_WARN_CONSTANT_CONVERSION = YES;
				CLANG_WARN_DEPRECATED_OBJC_IMPLEMENTATIONS = YES;
				CLANG_WARN_DIRECT_OBJC_ISA_USAGE = YES_ERROR;
				CLANG_WARN_DOCUMENTATION_COMMENTS = YES;
				CLANG_WARN_EMPTY_BODY = YES;
				CLANG_WARN_ENUM_CONVERSION = YES;
				CLANG_WARN_INFINITE_RECURSION = YES;
				CLANG_WARN_INT_CONVERSION = YES;
				CLANG_WARN_NON_LITERAL_NULL_CONVERSION = YES;
				CLANG_WARN_OBJC_IMPLICIT_RETAIN_SELF = YES;
				CLANG_WARN_OBJC_LITERAL_CONVERSION = YES;
				CLANG_WARN_OBJC_ROOT_CLASS = YES_ERROR;
				CLANG_WARN_QUOTED_INCLUDE_IN_FRAMEWORK_HEADER = YES;
				CLANG_WARN_RANGE_LOOP_ANALYSIS = YES;
				CLANG_WARN_STRICT_PROTOTYPES = YES;
				CLANG_WARN_SUSPICIOUS_MOVE = YES;
				CLANG_WARN_UNGUARDED_AVAILABILITY = YES_AGGRESSIVE;
				CLANG_WARN_UNREACHABLE_CODE = YES;
				CLANG_WARN__DUPLICATE_METHOD_MATCH = YES;
				COPY_PHASE_STRIP = NO;
				DEBUG_INFORMATION_FORMAT = dwarf;
				ENABLE_STRICT_OBJC_MSGSEND = YES;
				ENABLE_TESTABILITY = YES;
				ENABLE_USER_SCRIPT_SANDBOXING = YES;
				GCC_C_LANGUAGE_STANDARD = gnu17;
				GCC_DYNAMIC_NO_PIC = NO;
				GCC_NO_COMMON_BLOCKS = YES;
				GCC_OPTIMIZATION_LEVEL = 0;
				GCC_PREPROCESSOR_DEFINITIONS = (
					"DEBUG=1",
					"$(inherited)",
				);
				GCC_WARN_64_TO_32_BIT_CONVERSION = YES;
				GCC_WARN_ABOUT_RETURN_TYPE = YES_ERROR;
				GCC_WARN_UNDECLARED_SELECTOR = YES;
				GCC_WARN_UNINITIALIZED_AUTOS = YES_AGGRESSIVE;
				GCC_WARN_UNUSED_FUNCTION = YES;
				GCC_WARN_UNUSED_VARIABLE = YES;
				IPHONEOS_DEPLOYMENT_TARGET = 18.1;
				LOCALIZATION_PREFERS_STRING_CATALOGS = YES;
				MTL_ENABLE_DEBUG_INFO = INCLUDE_SOURCE;
				MTL_FAST_MATH = YES;
				ONLY_ACTIVE_ARCH = YES;
				SDKROOT = iphoneos;
				SWIFT_ACTIVE_COMPILATION_CONDITIONS = "DEBUG $(inherited)";
				SWIFT_OPTIMIZATION_LEVEL = "-Onone";
			};
			name = Debug;
		};
		283FD7762D5E3FD400A49B38 /* Release */ = {
			isa = XCBuildConfiguration;
			buildSettings = {
				ALWAYS_SEARCH_USER_PATHS = NO;
				ASSETCATALOG_COMPILER_GENERATE_SWIFT_ASSET_SYMBOL_EXTENSIONS = YES;
				CLANG_ANALYZER_NONNULL = YES;
				CLANG_ANALYZER_NUMBER_OBJECT_CONVERSION = YES_AGGRESSIVE;
				CLANG_CXX_LANGUAGE_STANDARD = "gnu++20";
				CLANG_ENABLE_MODULES = YES;
				CLANG_ENABLE_OBJC_ARC = YES;
				CLANG_ENABLE_OBJC_WEAK = YES;
				CLANG_WARN_BLOCK_CAPTURE_AUTORELEASING = YES;
				CLANG_WARN_BOOL_CONVERSION = YES;
				CLANG_WARN_COMMA = YES;
				CLANG_WARN_CONSTANT_CONVERSION = YES;
				CLANG_WARN_DEPRECATED_OBJC_IMPLEMENTATIONS = YES;
				CLANG_WARN_DIRECT_OBJC_ISA_USAGE = YES_ERROR;
				CLANG_WARN_DOCUMENTATION_COMMENTS = YES;
				CLANG_WARN_EMPTY_BODY = YES;
				CLANG_WARN_ENUM_CONVERSION = YES;
				CLANG_WARN_INFINITE_RECURSION = YES;
				CLANG_WARN_INT_CONVERSION = YES;
				CLANG_WARN_NON_LITERAL_NULL_CONVERSION = YES;
				CLANG_WARN_OBJC_IMPLICIT_RETAIN_SELF = YES;
				CLANG_WARN_OBJC_LITERAL_CONVERSION = YES;
				CLANG_WARN_OBJC_ROOT_CLASS = YES_ERROR;
				CLANG_WARN_QUOTED_INCLUDE_IN_FRAMEWORK_HEADER = YES;
				CLANG_WARN_RANGE_LOOP_ANALYSIS = YES;
				CLANG_WARN_STRICT_PROTOTYPES = YES;
				CLANG_WARN_SUSPICIOUS_MOVE = YES;
				CLANG_WARN_UNGUARDED_AVAILABILITY = YES_AGGRESSIVE;
				CLANG_WARN_UNREACHABLE_CODE = YES;
				CLANG_WARN__DUPLICATE_METHOD_MATCH = YES;
				COPY_PHASE_STRIP = NO;
				DEBUG_INFORMATION_FORMAT = "dwarf-with-dsym";
				ENABLE_NS_ASSERTIONS = NO;
				ENABLE_STRICT_OBJC_MSGSEND = YES;
				ENABLE_USER_SCRIPT_SANDBOXING = YES;
				GCC_C_LANGUAGE_STANDARD = gnu17;
				GCC_NO_COMMON_BLOCKS = YES;
				GCC_WARN_64_TO_32_BIT_CONVERSION = YES;
				GCC_WARN_ABOUT_RETURN_TYPE = YES_ERROR;
				GCC_WARN_UNDECLARED_SELECTOR = YES;
				GCC_WARN_UNINITIALIZED_AUTOS = YES_AGGRESSIVE;
				GCC_WARN_UNUSED_FUNCTION = YES;
				GCC_WARN_UNUSED_VARIABLE = YES;
				IPHONEOS_DEPLOYMENT_TARGET = 18.1;
				LOCALIZATION_PREFERS_STRING_CATALOGS = YES;
				MTL_ENABLE_DEBUG_INFO = NO;
				MTL_FAST_MATH = YES;
				SDKROOT = iphoneos;
				SWIFT_COMPILATION_MODE = wholemodule;
				VALIDATE_PRODUCT = YES;
			};
			name = Release;
		};
		283FD7782D5E3FD400A49B38 /* Debug */ = {
			isa = XCBuildConfiguration;
			buildSettings = {
				ASSETCATALOG_COMPILER_APPICON_NAME = AppIcon;
				ASSETCATALOG_COMPILER_GLOBAL_ACCENT_COLOR_NAME = AccentColor;
				CODE_SIGN_STYLE = Automatic;
				CURRENT_PROJECT_VERSION = 1;
				DEVELOPMENT_ASSET_PATHS = "\"ReduxDemo/Preview Content\"";
				ENABLE_PREVIEWS = YES;
				GENERATE_INFOPLIST_FILE = YES;
				INFOPLIST_KEY_UIApplicationSceneManifest_Generation = YES;
				INFOPLIST_KEY_UIApplicationSupportsIndirectInputEvents = YES;
				INFOPLIST_KEY_UILaunchScreen_Generation = YES;
				INFOPLIST_KEY_UISupportedInterfaceOrientations_iPad = "UIInterfaceOrientationPortrait UIInterfaceOrientationPortraitUpsideDown UIInterfaceOrientationLandscapeLeft UIInterfaceOrientationLandscapeRight";
				INFOPLIST_KEY_UISupportedInterfaceOrientations_iPhone = "UIInterfaceOrientationPortrait UIInterfaceOrientationLandscapeLeft UIInterfaceOrientationLandscapeRight";
				LD_RUNPATH_SEARCH_PATHS = (
					"$(inherited)",
					"@executable_path/Frameworks",
				);
				MARKETING_VERSION = 1.0;
				PRODUCT_BUNDLE_IDENTIFIER = com.bell.ReduxDemo;
				PRODUCT_NAME = "$(TARGET_NAME)";
				SWIFT_EMIT_LOC_STRINGS = YES;
				SWIFT_VERSION = 5.0;
				TARGETED_DEVICE_FAMILY = "1,2";
			};
			name = Debug;
		};
		283FD7792D5E3FD400A49B38 /* Release */ = {
			isa = XCBuildConfiguration;
			buildSettings = {
				ASSETCATALOG_COMPILER_APPICON_NAME = AppIcon;
				ASSETCATALOG_COMPILER_GLOBAL_ACCENT_COLOR_NAME = AccentColor;
				CODE_SIGN_STYLE = Automatic;
				CURRENT_PROJECT_VERSION = 1;
				DEVELOPMENT_ASSET_PATHS = "\"ReduxDemo/Preview Content\"";
				ENABLE_PREVIEWS = YES;
				GENERATE_INFOPLIST_FILE = YES;
				INFOPLIST_KEY_UIApplicationSceneManifest_Generation = YES;
				INFOPLIST_KEY_UIApplicationSupportsIndirectInputEvents = YES;
				INFOPLIST_KEY_UILaunchScreen_Generation = YES;
				INFOPLIST_KEY_UISupportedInterfaceOrientations_iPad = "UIInterfaceOrientationPortrait UIInterfaceOrientationPortraitUpsideDown UIInterfaceOrientationLandscapeLeft UIInterfaceOrientationLandscapeRight";
				INFOPLIST_KEY_UISupportedInterfaceOrientations_iPhone = "UIInterfaceOrientationPortrait UIInterfaceOrientationLandscapeLeft UIInterfaceOrientationLandscapeRight";
				LD_RUNPATH_SEARCH_PATHS = (
					"$(inherited)",
					"@executable_path/Frameworks",
				);
				MARKETING_VERSION = 1.0;
				PRODUCT_BUNDLE_IDENTIFIER = com.bell.ReduxDemo;
				PRODUCT_NAME = "$(TARGET_NAME)";
				SWIFT_EMIT_LOC_STRINGS = YES;
				SWIFT_VERSION = 5.0;
				TARGETED_DEVICE_FAMILY = "1,2";
			};
			name = Release;
		};
		283FD77B2D5E3FD400A49B38 /* Debug */ = {
			isa = XCBuildConfiguration;
			buildSettings = {
				BUNDLE_LOADER = "$(TEST_HOST)";
				CODE_SIGN_STYLE = Automatic;
				CURRENT_PROJECT_VERSION = 1;
				GENERATE_INFOPLIST_FILE = YES;
				IPHONEOS_DEPLOYMENT_TARGET = 18.1;
				MARKETING_VERSION = 1.0;
				PRODUCT_BUNDLE_IDENTIFIER = com.bell.ReduxDemoTests;
				PRODUCT_NAME = "$(TARGET_NAME)";
				SWIFT_EMIT_LOC_STRINGS = NO;
				SWIFT_VERSION = 5.0;
				TARGETED_DEVICE_FAMILY = "1,2";
				TEST_HOST = "$(BUILT_PRODUCTS_DIR)/ReduxDemo.app/$(BUNDLE_EXECUTABLE_FOLDER_PATH)/ReduxDemo";
			};
			name = Debug;
		};
		283FD77C2D5E3FD400A49B38 /* Release */ = {
			isa = XCBuildConfiguration;
			buildSettings = {
				BUNDLE_LOADER = "$(TEST_HOST)";
				CODE_SIGN_STYLE = Automatic;
				CURRENT_PROJECT_VERSION = 1;
				GENERATE_INFOPLIST_FILE = YES;
				IPHONEOS_DEPLOYMENT_TARGET = 18.1;
				MARKETING_VERSION = 1.0;
				PRODUCT_BUNDLE_IDENTIFIER = com.bell.ReduxDemoTests;
				PRODUCT_NAME = "$(TARGET_NAME)";
				SWIFT_EMIT_LOC_STRINGS = NO;
				SWIFT_VERSION = 5.0;
				TARGETED_DEVICE_FAMILY = "1,2";
				TEST_HOST = "$(BUILT_PRODUCTS_DIR)/ReduxDemo.app/$(BUNDLE_EXECUTABLE_FOLDER_PATH)/ReduxDemo";
			};
			name = Release;
		};
		283FD77E2D5E3FD400A49B38 /* Debug */ = {
			isa = XCBuildConfiguration;
			buildSettings = {
				CODE_SIGN_STYLE = Automatic;
				CURRENT_PROJECT_VERSION = 1;
				GENERATE_INFOPLIST_FILE = YES;
				MARKETING_VERSION = 1.0;
				PRODUCT_BUNDLE_IDENTIFIER = com.bell.ReduxDemoUITests;
				PRODUCT_NAME = "$(TARGET_NAME)";
				SWIFT_EMIT_LOC_STRINGS = NO;
				SWIFT_VERSION = 5.0;
				TARGETED_DEVICE_FAMILY = "1,2";
				TEST_TARGET_NAME = ReduxDemo;
			};
			name = Debug;
		};
		283FD77F2D5E3FD400A49B38 /* Release */ = {
			isa = XCBuildConfiguration;
			buildSettings = {
				CODE_SIGN_STYLE = Automatic;
				CURRENT_PROJECT_VERSION = 1;
				GENERATE_INFOPLIST_FILE = YES;
				MARKETING_VERSION = 1.0;
				PRODUCT_BUNDLE_IDENTIFIER = com.bell.ReduxDemoUITests;
				PRODUCT_NAME = "$(TARGET_NAME)";
				SWIFT_EMIT_LOC_STRINGS = NO;
				SWIFT_VERSION = 5.0;
				TARGETED_DEVICE_FAMILY = "1,2";
				TEST_TARGET_NAME = ReduxDemo;
			};
			name = Release;
		};
/* End XCBuildConfiguration section */

/* Begin XCConfigurationList section */
		283FD74E2D5E3FD200A49B38 /* Build configuration list for PBXProject "ReduxDemo" */ = {
			isa = XCConfigurationList;
			buildConfigurations = (
				283FD7752D5E3FD400A49B38 /* Debug */,
				283FD7762D5E3FD400A49B38 /* Release */,
			);
			defaultConfigurationIsVisible = 0;
			defaultConfigurationName = Release;
		};
		283FD7772D5E3FD400A49B38 /* Build configuration list for PBXNativeTarget "ReduxDemo" */ = {
			isa = XCConfigurationList;
			buildConfigurations = (
				283FD7782D5E3FD400A49B38 /* Debug */,
				283FD7792D5E3FD400A49B38 /* Release */,
			);
			defaultConfigurationIsVisible = 0;
			defaultConfigurationName = Release;
		};
		283FD77A2D5E3FD400A49B38 /* Build configuration list for PBXNativeTarget "ReduxDemoTests" */ = {
			isa = XCConfigurationList;
			buildConfigurations = (
				283FD77B2D5E3FD400A49B38 /* Debug */,
				283FD77C2D5E3FD400A49B38 /* Release */,
			);
			defaultConfigurationIsVisible = 0;
			defaultConfigurationName = Release;
		};
		283FD77D2D5E3FD400A49B38 /* Build configuration list for PBXNativeTarget "ReduxDemoUITests" */ = {
			isa = XCConfigurationList;
			buildConfigurations = (
				283FD77E2D5E3FD400A49B38 /* Debug */,
				283FD77F2D5E3FD400A49B38 /* Release */,
			);
			defaultConfigurationIsVisible = 0;
			defaultConfigurationName = Release;
		};
/* End XCConfigurationList section */
	};
	rootObject = 283FD74B2D5E3FD200A49B38 /* Project object */;
}
